
Microsoft Visual Studio Solution File, Format Version 12.00
# Visual Studio Version 17
VisualStudioVersion = 17.0.31903.59
MinimumVisualStudioVersion = 10.0.40219.1
Project("{2150E333-8FDC-42A3-9474-1A3956D46DE8}") = "src", "src", "{DE449F58-5298-4BC3-BAAF-EC9BEC5B6AA7}"
EndProject
Project("{FAE04EC0-301F-11D3-BF4B-00C04F79EFBC}") = "kubernetes.dotnet.api", "src\kubernetes.dotnet.api\kubernetes.dotnet.api.csproj", "{D799B2B0-EBAB-437C-B0B1-4A3B1D3E6692}"
EndProject
Project("{FAE04EC0-301F-11D3-BF4B-00C04F79EFBC}") = "kubernetes.dotnet.presentation", "src\kubernetes.dotnet.presentation\kubernetes.dotnet.presentation.csproj", "{59140FAC-9F5C-45D0-8474-0316E98E02ED}"
EndProject
Project("{FAE04EC0-301F-11D3-BF4B-00C04F79EFBC}") = "kubernetes.dotnet.domain", "src\kubernetes.dotnet.domain\kubernetes.dotnet.domain.csproj", "{9A80E719-AAFF-4D30-939D-B99B16605BA2}"
EndProject
Project("{FAE04EC0-301F-11D3-BF4B-00C04F79EFBC}") = "kubernetes.dotnet.infrastructure", "src\kubernetes.dotnet.infrastructure\kubernetes.dotnet.infrastructure.csproj", "{21EB8C6C-A242-4321-81A5-18CCCA821A66}"
EndProject
Global
	GlobalSection(SolutionConfigurationPlatforms) = preSolution
		Debug|Any CPU = Debug|Any CPU
		Release|Any CPU = Release|Any CPU
	EndGlobalSection
	GlobalSection(SolutionProperties) = preSolution
		HideSolutionNode = FALSE
	EndGlobalSection
	GlobalSection(ProjectConfigurationPlatforms) = postSolution
		{D799B2B0-EBAB-437C-B0B1-4A3B1D3E6692}.Debug|Any CPU.ActiveCfg = Debug|Any CPU
		{D799B2B0-EBAB-437C-B0B1-4A3B1D3E6692}.Debug|Any CPU.Build.0 = Debug|Any CPU
		{D799B2B0-EBAB-437C-B0B1-4A3B1D3E6692}.Release|Any CPU.ActiveCfg = Release|Any CPU
		{D799B2B0-EBAB-437C-B0B1-4A3B1D3E6692}.Release|Any CPU.Build.0 = Release|Any CPU
		{59140FAC-9F5C-45D0-8474-0316E98E02ED}.Debug|Any CPU.ActiveCfg = Debug|Any CPU
		{59140FAC-9F5C-45D0-8474-0316E98E02ED}.Debug|Any CPU.Build.0 = Debug|Any CPU
		{59140FAC-9F5C-45D0-8474-0316E98E02ED}.Release|Any CPU.ActiveCfg = Release|Any CPU
		{59140FAC-9F5C-45D0-8474-0316E98E02ED}.Release|Any CPU.Build.0 = Release|Any CPU
		{9A80E719-AAFF-4D30-939D-B99B16605BA2}.Debug|Any CPU.ActiveCfg = Debug|Any CPU
		{9A80E719-AAFF-4D30-939D-B99B16605BA2}.Debug|Any CPU.Build.0 = Debug|Any CPU
		{9A80E719-AAFF-4D30-939D-B99B16605BA2}.Release|Any CPU.ActiveCfg = Release|Any CPU
		{9A80E719-AAFF-4D30-939D-B99B16605BA2}.Release|Any CPU.Build.0 = Release|Any CPU
		{21EB8C6C-A242-4321-81A5-18CCCA821A66}.Debug|Any CPU.ActiveCfg = Debug|Any CPU
		{21EB8C6C-A242-4321-81A5-18CCCA821A66}.Debug|Any CPU.Build.0 = Debug|Any CPU
		{21EB8C6C-A242-4321-81A5-18CCCA821A66}.Release|Any CPU.ActiveCfg = Release|Any CPU
		{21EB8C6C-A242-4321-81A5-18CCCA821A66}.Release|Any CPU.Build.0 = Release|Any CPU
	EndGlobalSection
	GlobalSection(NestedProjects) = preSolution
		{D799B2B0-EBAB-437C-B0B1-4A3B1D3E6692} = {DE449F58-5298-4BC3-BAAF-EC9BEC5B6AA7}
		{59140FAC-9F5C-45D0-8474-0316E98E02ED} = {DE449F58-5298-4BC3-BAAF-EC9BEC5B6AA7}
		{9A80E719-AAFF-4D30-939D-B99B16605BA2} = {DE449F58-5298-4BC3-BAAF-EC9BEC5B6AA7}
		{21EB8C6C-A242-4321-81A5-18CCCA821A66} = {DE449F58-5298-4BC3-BAAF-EC9BEC5B6AA7}
	EndGlobalSection
EndGlobal
